// !$*UTF8*$!
{
	archiveVersion = 1;
	classes = {
	};
	objectVersion = 55;
	objects = {

/* Begin PBXBuildFile section */
		7C1716CF281C57E800EA3DFA /* PlainList.swift in Sources */ = {isa = PBXBuildFile; fileRef = 7C1716CE281C57E800EA3DFA /* PlainList.swift */; };
		7C1716D1281C59B300EA3DFA /* GroupedList.swift in Sources */ = {isa = PBXBuildFile; fileRef = 7C1716D0281C59B300EA3DFA /* GroupedList.swift */; };
		7C1716D3281C59E400EA3DFA /* InsetList.swift in Sources */ = {isa = PBXBuildFile; fileRef = 7C1716D2281C59E400EA3DFA /* InsetList.swift */; };
		7C1716D5281C5A5E00EA3DFA /* InsetGrouped.swift in Sources */ = {isa = PBXBuildFile; fileRef = 7C1716D4281C5A5E00EA3DFA /* InsetGrouped.swift */; };
		7C1716D7281C6F7B00EA3DFA /* FormView.swift in Sources */ = {isa = PBXBuildFile; fileRef = 7C1716D6281C6F7B00EA3DFA /* FormView.swift */; };
		7C37A8CA2791F7A500965F29 /* Assets.xcassets in Resources */ = {isa = PBXBuildFile; fileRef = 7C37A8C52791F7A500965F29 /* Assets.xcassets */; };
		7C37A8CB2791F7A500965F29 /* Preview Assets.xcassets in Resources */ = {isa = PBXBuildFile; fileRef = 7C37A8C72791F7A500965F29 /* Preview Assets.xcassets */; };
		7C37A8CC2791F7A500965F29 /* AstroSwiftSamplerApp.swift in Sources */ = {isa = PBXBuildFile; fileRef = 7C37A8C82791F7A500965F29 /* AstroSwiftSamplerApp.swift */; };
		7C37A8CD2791F7A500965F29 /* ContentView.swift in Sources */ = {isa = PBXBuildFile; fileRef = 7C37A8C92791F7A500965F29 /* ContentView.swift */; };
		7C37A8D22791F93F00965F29 /* ColorSwatch.swift in Sources */ = {isa = PBXBuildFile; fileRef = 7C37A8CE2791F93F00965F29 /* ColorSwatch.swift */; };
		7C37A8D32791F93F00965F29 /* AstroSwiftSamplerApp.swift in Sources */ = {isa = PBXBuildFile; fileRef = 7C37A8CF2791F93F00965F29 /* AstroSwiftSamplerApp.swift */; };
		7C37A8D42791F93F00965F29 /* ColorSampleList.swift in Sources */ = {isa = PBXBuildFile; fileRef = 7C37A8D02791F93F00965F29 /* ColorSampleList.swift */; };
		7C37A8D52791F93F00965F29 /* ContentView.swift in Sources */ = {isa = PBXBuildFile; fileRef = 7C37A8D12791F93F00965F29 /* ContentView.swift */; };
		7C3DE59E282AE40500C5A02B /* SymbolTile.swift in Sources */ = {isa = PBXBuildFile; fileRef = 7C3DE59D282AE40500C5A02B /* SymbolTile.swift */; };
		7C479BA42790D954002845E9 /* AstroSwiftSamplerApp.swift in Sources */ = {isa = PBXBuildFile; fileRef = 7C479B942790D954002845E9 /* AstroSwiftSamplerApp.swift */; };
		7C479BA62790D954002845E9 /* ContentView.swift in Sources */ = {isa = PBXBuildFile; fileRef = 7C479B952790D954002845E9 /* ContentView.swift */; };
		7C479BA82790D954002845E9 /* Assets.xcassets in Resources */ = {isa = PBXBuildFile; fileRef = 7C479B962790D954002845E9 /* Assets.xcassets */; };
		7C479BA92790D954002845E9 /* Assets.xcassets in Resources */ = {isa = PBXBuildFile; fileRef = 7C479B962790D954002845E9 /* Assets.xcassets */; };
		7C479BC62790DA66002845E9 /* AstroSwiftFoundation in Frameworks */ = {isa = PBXBuildFile; productRef = 7C479BC52790DA66002845E9 /* AstroSwiftFoundation */; };
		7C479BC92790DA80002845E9 /* AstroSwiftCore in Frameworks */ = {isa = PBXBuildFile; productRef = 7C479BC82790DA80002845E9 /* AstroSwiftCore */; };
		7C479BCB2790DBB9002845E9 /* ColorSample.swift in Sources */ = {isa = PBXBuildFile; fileRef = 7C479BCA2790DBB9002845E9 /* ColorSample.swift */; };
		7C479BCC2790DBB9002845E9 /* ColorSample.swift in Sources */ = {isa = PBXBuildFile; fileRef = 7C479BCA2790DBB9002845E9 /* ColorSample.swift */; };
		7C479BCE2790DC2D002845E9 /* AstroColorSamples.swift in Sources */ = {isa = PBXBuildFile; fileRef = 7C479BCD2790DC2D002845E9 /* AstroColorSamples.swift */; };
		7C479BCF2790DC2D002845E9 /* AstroColorSamples.swift in Sources */ = {isa = PBXBuildFile; fileRef = 7C479BCD2790DC2D002845E9 /* AstroColorSamples.swift */; };
		7C479BD22790DEDD002845E9 /* AstroSwiftFoundation in Frameworks */ = {isa = PBXBuildFile; productRef = 7C479BD12790DEDD002845E9 /* AstroSwiftFoundation */; };
		7C479BD42790DEE1002845E9 /* AstroSwiftCore in Frameworks */ = {isa = PBXBuildFile; productRef = 7C479BD32790DEE1002845E9 /* AstroSwiftCore */; };
		7C479BDC2790E069002845E9 /* ColorSample.swift in Sources */ = {isa = PBXBuildFile; fileRef = 7C479BCA2790DBB9002845E9 /* ColorSample.swift */; };
		7C479BDD2790E06C002845E9 /* AstroColorSamples.swift in Sources */ = {isa = PBXBuildFile; fileRef = 7C479BCD2790DC2D002845E9 /* AstroColorSamples.swift */; };
		7C479BDF2790E4B6002845E9 /* ColorSwatch.swift in Sources */ = {isa = PBXBuildFile; fileRef = 7C479BDE2790E4B6002845E9 /* ColorSwatch.swift */; };
		7C479BE12790E66A002845E9 /* ColorSampleList.swift in Sources */ = {isa = PBXBuildFile; fileRef = 7C479BE02790E66A002845E9 /* ColorSampleList.swift */; };
		7C625130283307080055F51C /* Colors.swift in Sources */ = {isa = PBXBuildFile; fileRef = 7C62512F283307080055F51C /* Colors.swift */; };
		7C6251322833077C0055F51C /* ColorGrid.swift in Sources */ = {isa = PBXBuildFile; fileRef = 7C6251312833077C0055F51C /* ColorGrid.swift */; };
		7C6251342833078F0055F51C /* ColorTile.swift in Sources */ = {isa = PBXBuildFile; fileRef = 7C6251332833078F0055F51C /* ColorTile.swift */; };
		7C625137283310C00055F51C /* UIElements.swift in Sources */ = {isa = PBXBuildFile; fileRef = 7C625136283310C00055F51C /* UIElements.swift */; };
		7C7D6F6E282EBB7E0015D7F0 /* UIElements.swift in Sources */ = {isa = PBXBuildFile; fileRef = 7C7D6F6D282EBB7E0015D7F0 /* UIElements.swift */; };
		7C7D6F70282EBC340015D7F0 /* Colors.swift in Sources */ = {isa = PBXBuildFile; fileRef = 7C7D6F6F282EBC340015D7F0 /* Colors.swift */; };
		7C7D6F72282EBCB50015D7F0 /* Symbols.swift in Sources */ = {isa = PBXBuildFile; fileRef = 7C7D6F71282EBCB50015D7F0 /* Symbols.swift */; };
		7C84AB85282972AA001D3256 /* SymbolGrid.swift in Sources */ = {isa = PBXBuildFile; fileRef = 7C84AB84282972AA001D3256 /* SymbolGrid.swift */; };
		7C84AB8728297B61001D3256 /* SymbolSample.swift in Sources */ = {isa = PBXBuildFile; fileRef = 7C84AB8628297B61001D3256 /* SymbolSample.swift */; };
		7C84AB8928297BAD001D3256 /* AstroSymbolSamples.swift in Sources */ = {isa = PBXBuildFile; fileRef = 7C84AB8828297BAD001D3256 /* AstroSymbolSamples.swift */; };
		7C84AB8A28297CB5001D3256 /* AstroSymbolSamples.swift in Sources */ = {isa = PBXBuildFile; fileRef = 7C84AB8828297BAD001D3256 /* AstroSymbolSamples.swift */; };
		7C84AB8B28297CB6001D3256 /* AstroSymbolSamples.swift in Sources */ = {isa = PBXBuildFile; fileRef = 7C84AB8828297BAD001D3256 /* AstroSymbolSamples.swift */; };
		7C84AB8C28297CBA001D3256 /* SymbolSample.swift in Sources */ = {isa = PBXBuildFile; fileRef = 7C84AB8628297B61001D3256 /* SymbolSample.swift */; };
		7C84AB8D28297CBA001D3256 /* SymbolSample.swift in Sources */ = {isa = PBXBuildFile; fileRef = 7C84AB8628297B61001D3256 /* SymbolSample.swift */; };
		7CE893D52832A85500F2CEF6 /* SymbolGrid.swift in Sources */ = {isa = PBXBuildFile; fileRef = 7CE893D42832A85500F2CEF6 /* SymbolGrid.swift */; };
		7CE893D72832A86E00F2CEF6 /* SymbolTile.swift in Sources */ = {isa = PBXBuildFile; fileRef = 7CE893D62832A86E00F2CEF6 /* SymbolTile.swift */; };
		7CE893D92832A88A00F2CEF6 /* Symbols.swift in Sources */ = {isa = PBXBuildFile; fileRef = 7CE893D82832A88A00F2CEF6 /* Symbols.swift */; };
		7CF86EF828216E4900D554DF /* SampleData.swift in Sources */ = {isa = PBXBuildFile; fileRef = 7CF86EF728216E4900D554DF /* SampleData.swift */; };
		7CF86EF928216E4900D554DF /* SampleData.swift in Sources */ = {isa = PBXBuildFile; fileRef = 7CF86EF728216E4900D554DF /* SampleData.swift */; };
		7CF86EFA28216E4900D554DF /* SampleData.swift in Sources */ = {isa = PBXBuildFile; fileRef = 7CF86EF728216E4900D554DF /* SampleData.swift */; };
		7CF86EFC2821D18800D554DF /* AstroSwiftFoundation in Frameworks */ = {isa = PBXBuildFile; productRef = 7CF86EFB2821D18800D554DF /* AstroSwiftFoundation */; };
		7CF86EFE2821D18E00D554DF /* AstroSwiftCore in Frameworks */ = {isa = PBXBuildFile; productRef = 7CF86EFD2821D18E00D554DF /* AstroSwiftCore */; };
/* End PBXBuildFile section */

/* Begin PBXFileReference section */
		7C1716CE281C57E800EA3DFA /* PlainList.swift */ = {isa = PBXFileReference; lastKnownFileType = sourcecode.swift; path = PlainList.swift; sourceTree = "<group>"; };
		7C1716D0281C59B300EA3DFA /* GroupedList.swift */ = {isa = PBXFileReference; lastKnownFileType = sourcecode.swift; path = GroupedList.swift; sourceTree = "<group>"; };
		7C1716D2281C59E400EA3DFA /* InsetList.swift */ = {isa = PBXFileReference; lastKnownFileType = sourcecode.swift; path = InsetList.swift; sourceTree = "<group>"; };
		7C1716D4281C5A5E00EA3DFA /* InsetGrouped.swift */ = {isa = PBXFileReference; lastKnownFileType = sourcecode.swift; path = InsetGrouped.swift; sourceTree = "<group>"; };
		7C1716D6281C6F7B00EA3DFA /* FormView.swift */ = {isa = PBXFileReference; lastKnownFileType = sourcecode.swift; path = FormView.swift; sourceTree = "<group>"; };
		7C37A8C52791F7A500965F29 /* Assets.xcassets */ = {isa = PBXFileReference; lastKnownFileType = folder.assetcatalog; path = Assets.xcassets; sourceTree = "<group>"; };
		7C37A8C72791F7A500965F29 /* Preview Assets.xcassets */ = {isa = PBXFileReference; lastKnownFileType = folder.assetcatalog; path = "Preview Assets.xcassets"; sourceTree = "<group>"; };
		7C37A8C82791F7A500965F29 /* AstroSwiftSamplerApp.swift */ = {isa = PBXFileReference; fileEncoding = 4; lastKnownFileType = sourcecode.swift; path = AstroSwiftSamplerApp.swift; sourceTree = "<group>"; };
		7C37A8C92791F7A500965F29 /* ContentView.swift */ = {isa = PBXFileReference; fileEncoding = 4; lastKnownFileType = sourcecode.swift; path = ContentView.swift; sourceTree = "<group>"; };
		7C37A8CE2791F93F00965F29 /* ColorSwatch.swift */ = {isa = PBXFileReference; fileEncoding = 4; lastKnownFileType = sourcecode.swift; path = ColorSwatch.swift; sourceTree = "<group>"; };
		7C37A8CF2791F93F00965F29 /* AstroSwiftSamplerApp.swift */ = {isa = PBXFileReference; fileEncoding = 4; lastKnownFileType = sourcecode.swift; path = AstroSwiftSamplerApp.swift; sourceTree = "<group>"; };
		7C37A8D02791F93F00965F29 /* ColorSampleList.swift */ = {isa = PBXFileReference; fileEncoding = 4; lastKnownFileType = sourcecode.swift; path = ColorSampleList.swift; sourceTree = "<group>"; };
		7C37A8D12791F93F00965F29 /* ContentView.swift */ = {isa = PBXFileReference; fileEncoding = 4; lastKnownFileType = sourcecode.swift; path = ContentView.swift; sourceTree = "<group>"; };
		7C3DE59C282ABDB200C5A02B /* AstroSwiftFoundation */ = {isa = PBXFileReference; lastKnownFileType = wrapper; name = AstroSwiftFoundation; path = ../AstroSwiftFoundation; sourceTree = "<group>"; };
		7C3DE59D282AE40500C5A02B /* SymbolTile.swift */ = {isa = PBXFileReference; lastKnownFileType = sourcecode.swift; path = SymbolTile.swift; sourceTree = "<group>"; };
		7C479B942790D954002845E9 /* AstroSwiftSamplerApp.swift */ = {isa = PBXFileReference; lastKnownFileType = sourcecode.swift; path = AstroSwiftSamplerApp.swift; sourceTree = "<group>"; };
		7C479B952790D954002845E9 /* ContentView.swift */ = {isa = PBXFileReference; lastKnownFileType = sourcecode.swift; path = ContentView.swift; sourceTree = "<group>"; };
		7C479B962790D954002845E9 /* Assets.xcassets */ = {isa = PBXFileReference; lastKnownFileType = folder.assetcatalog; path = Assets.xcassets; sourceTree = "<group>"; };
		7C479B9B2790D954002845E9 /* Astro Sampler.app */ = {isa = PBXFileReference; explicitFileType = wrapper.application; includeInIndex = 0; path = "Astro Sampler.app"; sourceTree = BUILT_PRODUCTS_DIR; };
		7C479BA12790D954002845E9 /* Astro Sampler.app */ = {isa = PBXFileReference; explicitFileType = wrapper.application; includeInIndex = 0; path = "Astro Sampler.app"; sourceTree = BUILT_PRODUCTS_DIR; };
		7C479BA32790D954002845E9 /* macOS.entitlements */ = {isa = PBXFileReference; lastKnownFileType = text.plist.entitlements; path = macOS.entitlements; sourceTree = "<group>"; };
		7C479BB62790D998002845E9 /* Astro Sampler.app */ = {isa = PBXFileReference; explicitFileType = wrapper.application; includeInIndex = 0; path = "Astro Sampler.app"; sourceTree = BUILT_PRODUCTS_DIR; };
		7C479BCA2790DBB9002845E9 /* ColorSample.swift */ = {isa = PBXFileReference; lastKnownFileType = sourcecode.swift; path = ColorSample.swift; sourceTree = "<group>"; };
		7C479BCD2790DC2D002845E9 /* AstroColorSamples.swift */ = {isa = PBXFileReference; lastKnownFileType = sourcecode.swift; path = AstroColorSamples.swift; sourceTree = "<group>"; };
		7C479BDE2790E4B6002845E9 /* ColorSwatch.swift */ = {isa = PBXFileReference; lastKnownFileType = sourcecode.swift; path = ColorSwatch.swift; sourceTree = "<group>"; };
		7C479BE02790E66A002845E9 /* ColorSampleList.swift */ = {isa = PBXFileReference; lastKnownFileType = sourcecode.swift; path = ColorSampleList.swift; sourceTree = "<group>"; };
		7C62512F283307080055F51C /* Colors.swift */ = {isa = PBXFileReference; lastKnownFileType = sourcecode.swift; path = Colors.swift; sourceTree = "<group>"; };
		7C6251312833077C0055F51C /* ColorGrid.swift */ = {isa = PBXFileReference; lastKnownFileType = sourcecode.swift; path = ColorGrid.swift; sourceTree = "<group>"; };
		7C6251332833078F0055F51C /* ColorTile.swift */ = {isa = PBXFileReference; lastKnownFileType = sourcecode.swift; path = ColorTile.swift; sourceTree = "<group>"; };
		7C625136283310C00055F51C /* UIElements.swift */ = {isa = PBXFileReference; lastKnownFileType = sourcecode.swift; path = UIElements.swift; sourceTree = "<group>"; };
		7C7D6F6D282EBB7E0015D7F0 /* UIElements.swift */ = {isa = PBXFileReference; lastKnownFileType = sourcecode.swift; path = UIElements.swift; sourceTree = "<group>"; };
		7C7D6F6F282EBC340015D7F0 /* Colors.swift */ = {isa = PBXFileReference; lastKnownFileType = sourcecode.swift; path = Colors.swift; sourceTree = "<group>"; };
		7C7D6F71282EBCB50015D7F0 /* Symbols.swift */ = {isa = PBXFileReference; lastKnownFileType = sourcecode.swift; path = Symbols.swift; sourceTree = "<group>"; };
		7C84AB84282972AA001D3256 /* SymbolGrid.swift */ = {isa = PBXFileReference; lastKnownFileType = sourcecode.swift; path = SymbolGrid.swift; sourceTree = "<group>"; };
		7C84AB8628297B61001D3256 /* SymbolSample.swift */ = {isa = PBXFileReference; lastKnownFileType = sourcecode.swift; path = SymbolSample.swift; sourceTree = "<group>"; };
		7C84AB8828297BAD001D3256 /* AstroSymbolSamples.swift */ = {isa = PBXFileReference; lastKnownFileType = sourcecode.swift; path = AstroSymbolSamples.swift; sourceTree = "<group>"; };
		7CE893D42832A85500F2CEF6 /* SymbolGrid.swift */ = {isa = PBXFileReference; lastKnownFileType = sourcecode.swift; path = SymbolGrid.swift; sourceTree = "<group>"; };
		7CE893D62832A86E00F2CEF6 /* SymbolTile.swift */ = {isa = PBXFileReference; lastKnownFileType = sourcecode.swift; path = SymbolTile.swift; sourceTree = "<group>"; };
		7CE893D82832A88A00F2CEF6 /* Symbols.swift */ = {isa = PBXFileReference; lastKnownFileType = sourcecode.swift; path = Symbols.swift; sourceTree = "<group>"; };
		7CF86EF728216E4900D554DF /* SampleData.swift */ = {isa = PBXFileReference; lastKnownFileType = sourcecode.swift; name = SampleData.swift; path = Shared/SampleData.swift; sourceTree = SOURCE_ROOT; };
/* End PBXFileReference section */

/* Begin PBXFrameworksBuildPhase section */
		7C479B982790D954002845E9 /* Frameworks */ = {
			isa = PBXFrameworksBuildPhase;
			buildActionMask = 2147483647;
			files = (
				7C479BC62790DA66002845E9 /* AstroSwiftFoundation in Frameworks */,
				7C479BC92790DA80002845E9 /* AstroSwiftCore in Frameworks */,
			);
			runOnlyForDeploymentPostprocessing = 0;
		};
		7C479B9E2790D954002845E9 /* Frameworks */ = {
			isa = PBXFrameworksBuildPhase;
			buildActionMask = 2147483647;
			files = (
				7C479BD22790DEDD002845E9 /* AstroSwiftFoundation in Frameworks */,
				7C479BD42790DEE1002845E9 /* AstroSwiftCore in Frameworks */,
			);
			runOnlyForDeploymentPostprocessing = 0;
		};
		7C479BB32790D998002845E9 /* Frameworks */ = {
			isa = PBXFrameworksBuildPhase;
			buildActionMask = 2147483647;
			files = (
				7CF86EFC2821D18800D554DF /* AstroSwiftFoundation in Frameworks */,
				7CF86EFE2821D18E00D554DF /* AstroSwiftCore in Frameworks */,
			);
			runOnlyForDeploymentPostprocessing = 0;
		};
/* End PBXFrameworksBuildPhase section */

/* Begin PBXGroup section */
		7C37A8C42791F7A500965F29 /* tvOS */ = {
			isa = PBXGroup;
			children = (
				7C37A8C52791F7A500965F29 /* Assets.xcassets */,
				7C37A8C82791F7A500965F29 /* AstroSwiftSamplerApp.swift */,
				7C37A8C92791F7A500965F29 /* ContentView.swift */,
				7C625136283310C00055F51C /* UIElements.swift */,
				7C625135283307970055F51C /* Colors */,
				7C62512E283305DD0055F51C /* Symbol */,
			);
			path = tvOS;
			sourceTree = "<group>";
		};
		7C37A8C62791F7A500965F29 /* Preview Content */ = {
			isa = PBXGroup;
			children = (
				7C37A8C72791F7A500965F29 /* Preview Assets.xcassets */,
			);
			path = "Preview Content";
			sourceTree = "<group>";
		};
		7C479B8E2790D954002845E9 = {
			isa = PBXGroup;
			children = (
				7C479BDB2790E04D002845E9 /* Shared */,
				7C479B932790D954002845E9 /* iOS */,
				7C479BA22790D954002845E9 /* macOS */,
				7C37A8C42791F7A500965F29 /* tvOS */,
				7C479B9C2790D954002845E9 /* Products */,
				7C479BD02790DEDD002845E9 /* Frameworks */,
			);
			sourceTree = "<group>";
		};
		7C479B932790D954002845E9 /* iOS */ = {
			isa = PBXGroup;
			children = (
				7C479B942790D954002845E9 /* AstroSwiftSamplerApp.swift */,
				7C479B952790D954002845E9 /* ContentView.swift */,
				7C84AB812829720F001D3256 /* UI Elements */,
				7C84AB832829724D001D3256 /* Symbols */,
				7C84AB8228297243001D3256 /* Colors */,
				7C479B962790D954002845E9 /* Assets.xcassets */,
			);
			path = iOS;
			sourceTree = "<group>";
		};
		7C479B9C2790D954002845E9 /* Products */ = {
			isa = PBXGroup;
			children = (
				7C479B9B2790D954002845E9 /* Astro Sampler.app */,
				7C479BA12790D954002845E9 /* Astro Sampler.app */,
				7C479BB62790D998002845E9 /* Astro Sampler.app */,
			);
			name = Products;
			sourceTree = "<group>";
		};
		7C479BA22790D954002845E9 /* macOS */ = {
			isa = PBXGroup;
			children = (
				7C37A8CF2791F93F00965F29 /* AstroSwiftSamplerApp.swift */,
				7C37A8D12791F93F00965F29 /* ContentView.swift */,
				7C37A8CE2791F93F00965F29 /* ColorSwatch.swift */,
				7C37A8D02791F93F00965F29 /* ColorSampleList.swift */,
				7C479BA32790D954002845E9 /* macOS.entitlements */,
			);
			path = macOS;
			sourceTree = "<group>";
		};
		7C479BD02790DEDD002845E9 /* Frameworks */ = {
			isa = PBXGroup;
			children = (
				7C3DE59C282ABDB200C5A02B /* AstroSwiftFoundation */,
			);
			name = Frameworks;
			sourceTree = "<group>";
		};
		7C479BDB2790E04D002845E9 /* Shared */ = {
			isa = PBXGroup;
			children = (
				7CF86EF728216E4900D554DF /* SampleData.swift */,
				7C479BCA2790DBB9002845E9 /* ColorSample.swift */,
				7C479BCD2790DC2D002845E9 /* AstroColorSamples.swift */,
				7C84AB8628297B61001D3256 /* SymbolSample.swift */,
				7C84AB8828297BAD001D3256 /* AstroSymbolSamples.swift */,
				7C37A8C62791F7A500965F29 /* Preview Content */,
			);
			path = Shared;
			sourceTree = "<group>";
		};
		7C62512E283305DD0055F51C /* Symbol */ = {
			isa = PBXGroup;
			children = (
				7CE893D42832A85500F2CEF6 /* SymbolGrid.swift */,
				7CE893D62832A86E00F2CEF6 /* SymbolTile.swift */,
				7CE893D82832A88A00F2CEF6 /* Symbols.swift */,
			);
			path = Symbol;
			sourceTree = "<group>";
		};
		7C625135283307970055F51C /* Colors */ = {
			isa = PBXGroup;
			children = (
				7C6251312833077C0055F51C /* ColorGrid.swift */,
				7C6251332833078F0055F51C /* ColorTile.swift */,
				7C62512F283307080055F51C /* Colors.swift */,
			);
			path = Colors;
			sourceTree = "<group>";
		};
		7C84AB812829720F001D3256 /* UI Elements */ = {
			isa = PBXGroup;
			children = (
				7C7D6F6D282EBB7E0015D7F0 /* UIElements.swift */,
				7C1716CE281C57E800EA3DFA /* PlainList.swift */,
				7C1716D0281C59B300EA3DFA /* GroupedList.swift */,
				7C1716D6281C6F7B00EA3DFA /* FormView.swift */,
				7C1716D2281C59E400EA3DFA /* InsetList.swift */,
				7C1716D4281C5A5E00EA3DFA /* InsetGrouped.swift */,
			);
			path = "UI Elements";
			sourceTree = "<group>";
		};
		7C84AB8228297243001D3256 /* Colors */ = {
			isa = PBXGroup;
			children = (
				7C7D6F6F282EBC340015D7F0 /* Colors.swift */,
				7C479BE02790E66A002845E9 /* ColorSampleList.swift */,
				7C479BDE2790E4B6002845E9 /* ColorSwatch.swift */,
			);
			path = Colors;
			sourceTree = "<group>";
		};
		7C84AB832829724D001D3256 /* Symbols */ = {
			isa = PBXGroup;
			children = (
				7C84AB84282972AA001D3256 /* SymbolGrid.swift */,
				7C3DE59D282AE40500C5A02B /* SymbolTile.swift */,
				7C7D6F71282EBCB50015D7F0 /* Symbols.swift */,
			);
			path = Symbols;
			sourceTree = "<group>";
		};
/* End PBXGroup section */

/* Begin PBXNativeTarget section */
		7C479B9A2790D954002845E9 /* AstroSwiftSampler (iOS) */ = {
			isa = PBXNativeTarget;
			buildConfigurationList = 7C479BAC2790D954002845E9 /* Build configuration list for PBXNativeTarget "AstroSwiftSampler (iOS)" */;
			buildPhases = (
				7C479B972790D954002845E9 /* Sources */,
				7C479B982790D954002845E9 /* Frameworks */,
				7C479B992790D954002845E9 /* Resources */,
			);
			buildRules = (
			);
			dependencies = (
			);
			name = "AstroSwiftSampler (iOS)";
			packageProductDependencies = (
				7C479BC52790DA66002845E9 /* AstroSwiftFoundation */,
				7C479BC82790DA80002845E9 /* AstroSwiftCore */,
			);
			productName = "AstroSwiftColors (iOS)";
			productReference = 7C479B9B2790D954002845E9 /* Astro Sampler.app */;
			productType = "com.apple.product-type.application";
		};
		7C479BA02790D954002845E9 /* AstroSwiftSampler (macOS) */ = {
			isa = PBXNativeTarget;
			buildConfigurationList = 7C479BAF2790D954002845E9 /* Build configuration list for PBXNativeTarget "AstroSwiftSampler (macOS)" */;
			buildPhases = (
				7C479B9D2790D954002845E9 /* Sources */,
				7C479B9E2790D954002845E9 /* Frameworks */,
				7C479B9F2790D954002845E9 /* Resources */,
			);
			buildRules = (
			);
			dependencies = (
			);
			name = "AstroSwiftSampler (macOS)";
			packageProductDependencies = (
				7C479BD12790DEDD002845E9 /* AstroSwiftFoundation */,
				7C479BD32790DEE1002845E9 /* AstroSwiftCore */,
			);
			productName = "AstroSwiftColors (macOS)";
			productReference = 7C479BA12790D954002845E9 /* Astro Sampler.app */;
			productType = "com.apple.product-type.application";
		};
		7C479BB52790D998002845E9 /* AstroSwiftSampler (tvOS) */ = {
			isa = PBXNativeTarget;
			buildConfigurationList = 7C479BC12790D998002845E9 /* Build configuration list for PBXNativeTarget "AstroSwiftSampler (tvOS)" */;
			buildPhases = (
				7C479BB22790D998002845E9 /* Sources */,
				7C479BB32790D998002845E9 /* Frameworks */,
				7C479BB42790D998002845E9 /* Resources */,
			);
			buildRules = (
			);
			dependencies = (
			);
			name = "AstroSwiftSampler (tvOS)";
			packageProductDependencies = (
				7CF86EFB2821D18800D554DF /* AstroSwiftFoundation */,
				7CF86EFD2821D18E00D554DF /* AstroSwiftCore */,
			);
			productName = AstroSwiftColors;
			productReference = 7C479BB62790D998002845E9 /* Astro Sampler.app */;
			productType = "com.apple.product-type.application";
		};
/* End PBXNativeTarget section */

/* Begin PBXProject section */
		7C479B8F2790D954002845E9 /* Project object */ = {
			isa = PBXProject;
			attributes = {
				BuildIndependentTargetsInParallel = 1;
				LastSwiftUpdateCheck = 1320;
				LastUpgradeCheck = 1320;
				TargetAttributes = {
					7C479B9A2790D954002845E9 = {
						CreatedOnToolsVersion = 13.2.1;
					};
					7C479BA02790D954002845E9 = {
						CreatedOnToolsVersion = 13.2.1;
					};
					7C479BB52790D998002845E9 = {
						CreatedOnToolsVersion = 13.2.1;
					};
				};
			};
			buildConfigurationList = 7C479B922790D954002845E9 /* Build configuration list for PBXProject "AstroSwiftSampler" */;
			compatibilityVersion = "Xcode 13.0";
			developmentRegion = en;
			hasScannedForEncodings = 0;
			knownRegions = (
				en,
				Base,
			);
			mainGroup = 7C479B8E2790D954002845E9;
			packageReferences = (
				7C479BC42790DA66002845E9 /* XCRemoteSwiftPackageReference "AstroSwiftFoundation" */,
				7C479BC72790DA80002845E9 /* XCRemoteSwiftPackageReference "AstroSwiftCore" */,
			);
			productRefGroup = 7C479B9C2790D954002845E9 /* Products */;
			projectDirPath = "";
			projectRoot = "";
			targets = (
				7C479B9A2790D954002845E9 /* AstroSwiftSampler (iOS) */,
				7C479BA02790D954002845E9 /* AstroSwiftSampler (macOS) */,
				7C479BB52790D998002845E9 /* AstroSwiftSampler (tvOS) */,
			);
		};
/* End PBXProject section */

/* Begin PBXResourcesBuildPhase section */
		7C479B992790D954002845E9 /* Resources */ = {
			isa = PBXResourcesBuildPhase;
			buildActionMask = 2147483647;
			files = (
				7C479BA82790D954002845E9 /* Assets.xcassets in Resources */,
			);
			runOnlyForDeploymentPostprocessing = 0;
		};
		7C479B9F2790D954002845E9 /* Resources */ = {
			isa = PBXResourcesBuildPhase;
			buildActionMask = 2147483647;
			files = (
				7C479BA92790D954002845E9 /* Assets.xcassets in Resources */,
			);
			runOnlyForDeploymentPostprocessing = 0;
		};
		7C479BB42790D998002845E9 /* Resources */ = {
			isa = PBXResourcesBuildPhase;
			buildActionMask = 2147483647;
			files = (
				7C37A8CB2791F7A500965F29 /* Preview Assets.xcassets in Resources */,
				7C37A8CA2791F7A500965F29 /* Assets.xcassets in Resources */,
			);
			runOnlyForDeploymentPostprocessing = 0;
		};
/* End PBXResourcesBuildPhase section */

/* Begin PBXSourcesBuildPhase section */
		7C479B972790D954002845E9 /* Sources */ = {
			isa = PBXSourcesBuildPhase;
			buildActionMask = 2147483647;
			files = (
				7C1716D5281C5A5E00EA3DFA /* InsetGrouped.swift in Sources */,
				7C7D6F70282EBC340015D7F0 /* Colors.swift in Sources */,
				7C1716D1281C59B300EA3DFA /* GroupedList.swift in Sources */,
				7C1716D3281C59E400EA3DFA /* InsetList.swift in Sources */,
				7C84AB8728297B61001D3256 /* SymbolSample.swift in Sources */,
				7C479BA62790D954002845E9 /* ContentView.swift in Sources */,
				7C1716D7281C6F7B00EA3DFA /* FormView.swift in Sources */,
				7C1716CF281C57E800EA3DFA /* PlainList.swift in Sources */,
				7C479BCE2790DC2D002845E9 /* AstroColorSamples.swift in Sources */,
				7C7D6F72282EBCB50015D7F0 /* Symbols.swift in Sources */,
				7CF86EF828216E4900D554DF /* SampleData.swift in Sources */,
				7C7D6F6E282EBB7E0015D7F0 /* UIElements.swift in Sources */,
				7C84AB85282972AA001D3256 /* SymbolGrid.swift in Sources */,
				7C479BDF2790E4B6002845E9 /* ColorSwatch.swift in Sources */,
				7C84AB8928297BAD001D3256 /* AstroSymbolSamples.swift in Sources */,
				7C479BE12790E66A002845E9 /* ColorSampleList.swift in Sources */,
				7C479BA42790D954002845E9 /* AstroSwiftSamplerApp.swift in Sources */,
				7C479BCB2790DBB9002845E9 /* ColorSample.swift in Sources */,
				7C3DE59E282AE40500C5A02B /* SymbolTile.swift in Sources */,
			);
			runOnlyForDeploymentPostprocessing = 0;
		};
		7C479B9D2790D954002845E9 /* Sources */ = {
			isa = PBXSourcesBuildPhase;
			buildActionMask = 2147483647;
			files = (
				7C479BCF2790DC2D002845E9 /* AstroColorSamples.swift in Sources */,
				7CF86EF928216E4900D554DF /* SampleData.swift in Sources */,
				7C37A8D22791F93F00965F29 /* ColorSwatch.swift in Sources */,
				7C37A8D52791F93F00965F29 /* ContentView.swift in Sources */,
				7C84AB8C28297CBA001D3256 /* SymbolSample.swift in Sources */,
				7C37A8D42791F93F00965F29 /* ColorSampleList.swift in Sources */,
				7C37A8D32791F93F00965F29 /* AstroSwiftSamplerApp.swift in Sources */,
				7C479BCC2790DBB9002845E9 /* ColorSample.swift in Sources */,
				7C84AB8A28297CB5001D3256 /* AstroSymbolSamples.swift in Sources */,
			);
			runOnlyForDeploymentPostprocessing = 0;
		};
		7C479BB22790D998002845E9 /* Sources */ = {
			isa = PBXSourcesBuildPhase;
			buildActionMask = 2147483647;
			files = (
				7C37A8CC2791F7A500965F29 /* AstroSwiftSamplerApp.swift in Sources */,
				7C625130283307080055F51C /* Colors.swift in Sources */,
				7C479BDC2790E069002845E9 /* ColorSample.swift in Sources */,
				7C6251322833077C0055F51C /* ColorGrid.swift in Sources */,
				7C625137283310C00055F51C /* UIElements.swift in Sources */,
				7C37A8CD2791F7A500965F29 /* ContentView.swift in Sources */,
				7C84AB8D28297CBA001D3256 /* SymbolSample.swift in Sources */,
				7CE893D72832A86E00F2CEF6 /* SymbolTile.swift in Sources */,
				7CE893D92832A88A00F2CEF6 /* Symbols.swift in Sources */,
				7CF86EFA28216E4900D554DF /* SampleData.swift in Sources */,
				7C479BDD2790E06C002845E9 /* AstroColorSamples.swift in Sources */,
				7C84AB8B28297CB6001D3256 /* AstroSymbolSamples.swift in Sources */,
				7C6251342833078F0055F51C /* ColorTile.swift in Sources */,
				7CE893D52832A85500F2CEF6 /* SymbolGrid.swift in Sources */,
			);
			runOnlyForDeploymentPostprocessing = 0;
		};
/* End PBXSourcesBuildPhase section */

/* Begin XCBuildConfiguration section */
		7C479BAA2790D954002845E9 /* Debug */ = {
			isa = XCBuildConfiguration;
			buildSettings = {
				ALWAYS_SEARCH_USER_PATHS = NO;
				CLANG_ANALYZER_NONNULL = YES;
				CLANG_ANALYZER_NUMBER_OBJECT_CONVERSION = YES_AGGRESSIVE;
				CLANG_CXX_LANGUAGE_STANDARD = "gnu++17";
				CLANG_CXX_LIBRARY = "libc++";
				CLANG_ENABLE_MODULES = YES;
				CLANG_ENABLE_OBJC_ARC = YES;
				CLANG_ENABLE_OBJC_WEAK = YES;
				CLANG_WARN_BLOCK_CAPTURE_AUTORELEASING = YES;
				CLANG_WARN_BOOL_CONVERSION = YES;
				CLANG_WARN_COMMA = YES;
				CLANG_WARN_CONSTANT_CONVERSION = YES;
				CLANG_WARN_DEPRECATED_OBJC_IMPLEMENTATIONS = YES;
				CLANG_WARN_DIRECT_OBJC_ISA_USAGE = YES_ERROR;
				CLANG_WARN_DOCUMENTATION_COMMENTS = YES;
				CLANG_WARN_EMPTY_BODY = YES;
				CLANG_WARN_ENUM_CONVERSION = YES;
				CLANG_WARN_INFINITE_RECURSION = YES;
				CLANG_WARN_INT_CONVERSION = YES;
				CLANG_WARN_NON_LITERAL_NULL_CONVERSION = YES;
				CLANG_WARN_OBJC_IMPLICIT_RETAIN_SELF = YES;
				CLANG_WARN_OBJC_LITERAL_CONVERSION = YES;
				CLANG_WARN_OBJC_ROOT_CLASS = YES_ERROR;
				CLANG_WARN_QUOTED_INCLUDE_IN_FRAMEWORK_HEADER = YES;
				CLANG_WARN_RANGE_LOOP_ANALYSIS = YES;
				CLANG_WARN_STRICT_PROTOTYPES = YES;
				CLANG_WARN_SUSPICIOUS_MOVE = YES;
				CLANG_WARN_UNGUARDED_AVAILABILITY = YES_AGGRESSIVE;
				CLANG_WARN_UNREACHABLE_CODE = YES;
				CLANG_WARN__DUPLICATE_METHOD_MATCH = YES;
				COPY_PHASE_STRIP = NO;
				DEBUG_INFORMATION_FORMAT = dwarf;
				ENABLE_STRICT_OBJC_MSGSEND = YES;
				ENABLE_TESTABILITY = YES;
				GCC_C_LANGUAGE_STANDARD = gnu11;
				GCC_DYNAMIC_NO_PIC = NO;
				GCC_NO_COMMON_BLOCKS = YES;
				GCC_OPTIMIZATION_LEVEL = 0;
				GCC_PREPROCESSOR_DEFINITIONS = (
					"DEBUG=1",
					"$(inherited)",
				);
				GCC_WARN_64_TO_32_BIT_CONVERSION = YES;
				GCC_WARN_ABOUT_RETURN_TYPE = YES_ERROR;
				GCC_WARN_UNDECLARED_SELECTOR = YES;
				GCC_WARN_UNINITIALIZED_AUTOS = YES_AGGRESSIVE;
				GCC_WARN_UNUSED_FUNCTION = YES;
				GCC_WARN_UNUSED_VARIABLE = YES;
				IPHONEOS_DEPLOYMENT_TARGET = 15.0;
				MACOSX_DEPLOYMENT_TARGET = 12.0;
				MTL_ENABLE_DEBUG_INFO = INCLUDE_SOURCE;
				MTL_FAST_MATH = YES;
				ONLY_ACTIVE_ARCH = YES;
				SWIFT_ACTIVE_COMPILATION_CONDITIONS = DEBUG;
				SWIFT_OPTIMIZATION_LEVEL = "-Onone";
				TVOS_DEPLOYMENT_TARGET = 15.0;
			};
			name = Debug;
		};
		7C479BAB2790D954002845E9 /* Release */ = {
			isa = XCBuildConfiguration;
			buildSettings = {
				ALWAYS_SEARCH_USER_PATHS = NO;
				CLANG_ANALYZER_NONNULL = YES;
				CLANG_ANALYZER_NUMBER_OBJECT_CONVERSION = YES_AGGRESSIVE;
				CLANG_CXX_LANGUAGE_STANDARD = "gnu++17";
				CLANG_CXX_LIBRARY = "libc++";
				CLANG_ENABLE_MODULES = YES;
				CLANG_ENABLE_OBJC_ARC = YES;
				CLANG_ENABLE_OBJC_WEAK = YES;
				CLANG_WARN_BLOCK_CAPTURE_AUTORELEASING = YES;
				CLANG_WARN_BOOL_CONVERSION = YES;
				CLANG_WARN_COMMA = YES;
				CLANG_WARN_CONSTANT_CONVERSION = YES;
				CLANG_WARN_DEPRECATED_OBJC_IMPLEMENTATIONS = YES;
				CLANG_WARN_DIRECT_OBJC_ISA_USAGE = YES_ERROR;
				CLANG_WARN_DOCUMENTATION_COMMENTS = YES;
				CLANG_WARN_EMPTY_BODY = YES;
				CLANG_WARN_ENUM_CONVERSION = YES;
				CLANG_WARN_INFINITE_RECURSION = YES;
				CLANG_WARN_INT_CONVERSION = YES;
				CLANG_WARN_NON_LITERAL_NULL_CONVERSION = YES;
				CLANG_WARN_OBJC_IMPLICIT_RETAIN_SELF = YES;
				CLANG_WARN_OBJC_LITERAL_CONVERSION = YES;
				CLANG_WARN_OBJC_ROOT_CLASS = YES_ERROR;
				CLANG_WARN_QUOTED_INCLUDE_IN_FRAMEWORK_HEADER = YES;
				CLANG_WARN_RANGE_LOOP_ANALYSIS = YES;
				CLANG_WARN_STRICT_PROTOTYPES = YES;
				CLANG_WARN_SUSPICIOUS_MOVE = YES;
				CLANG_WARN_UNGUARDED_AVAILABILITY = YES_AGGRESSIVE;
				CLANG_WARN_UNREACHABLE_CODE = YES;
				CLANG_WARN__DUPLICATE_METHOD_MATCH = YES;
				COPY_PHASE_STRIP = NO;
				DEBUG_INFORMATION_FORMAT = "dwarf-with-dsym";
				ENABLE_NS_ASSERTIONS = NO;
				ENABLE_STRICT_OBJC_MSGSEND = YES;
				GCC_C_LANGUAGE_STANDARD = gnu11;
				GCC_NO_COMMON_BLOCKS = YES;
				GCC_WARN_64_TO_32_BIT_CONVERSION = YES;
				GCC_WARN_ABOUT_RETURN_TYPE = YES_ERROR;
				GCC_WARN_UNDECLARED_SELECTOR = YES;
				GCC_WARN_UNINITIALIZED_AUTOS = YES_AGGRESSIVE;
				GCC_WARN_UNUSED_FUNCTION = YES;
				GCC_WARN_UNUSED_VARIABLE = YES;
				IPHONEOS_DEPLOYMENT_TARGET = 15.0;
				MACOSX_DEPLOYMENT_TARGET = 12.0;
				MTL_ENABLE_DEBUG_INFO = NO;
				MTL_FAST_MATH = YES;
				SWIFT_COMPILATION_MODE = wholemodule;
				SWIFT_OPTIMIZATION_LEVEL = "-O";
				TVOS_DEPLOYMENT_TARGET = 15.0;
			};
			name = Release;
		};
		7C479BAD2790D954002845E9 /* Debug */ = {
			isa = XCBuildConfiguration;
			buildSettings = {
				ASSETCATALOG_COMPILER_APPICON_NAME = AppIcon;
				ASSETCATALOG_COMPILER_GLOBAL_ACCENT_COLOR_NAME = AccentColor;
				CODE_SIGN_STYLE = Automatic;
				CURRENT_PROJECT_VERSION = 1;
				DEVELOPMENT_TEAM = H4S8Z5V45T;
				ENABLE_PREVIEWS = YES;
				GENERATE_INFOPLIST_FILE = YES;
				INFOPLIST_KEY_UIApplicationSceneManifest_Generation = YES;
				INFOPLIST_KEY_UIApplicationSupportsIndirectInputEvents = YES;
				INFOPLIST_KEY_UILaunchScreen_Generation = YES;
				INFOPLIST_KEY_UISupportedInterfaceOrientations_iPad = "UIInterfaceOrientationPortrait UIInterfaceOrientationPortraitUpsideDown UIInterfaceOrientationLandscapeLeft UIInterfaceOrientationLandscapeRight";
				INFOPLIST_KEY_UISupportedInterfaceOrientations_iPhone = "UIInterfaceOrientationPortrait UIInterfaceOrientationLandscapeLeft UIInterfaceOrientationLandscapeRight";
				IPHONEOS_DEPLOYMENT_TARGET = 15.2;
				LD_RUNPATH_SEARCH_PATHS = (
					"$(inherited)",
					"@executable_path/Frameworks",
				);
				MARKETING_VERSION = 1.0;
				PRODUCT_BUNDLE_IDENTIFIER = "com.rocketcom.Astro-Swift-Sampler";
				PRODUCT_NAME = "Astro Sampler";
				SDKROOT = iphoneos;
				SWIFT_EMIT_LOC_STRINGS = YES;
				SWIFT_VERSION = 5.0;
				TARGETED_DEVICE_FAMILY = "1,2";
			};
			name = Debug;
		};
		7C479BAE2790D954002845E9 /* Release */ = {
			isa = XCBuildConfiguration;
			buildSettings = {
				ASSETCATALOG_COMPILER_APPICON_NAME = AppIcon;
				ASSETCATALOG_COMPILER_GLOBAL_ACCENT_COLOR_NAME = AccentColor;
				CODE_SIGN_STYLE = Automatic;
				CURRENT_PROJECT_VERSION = 1;
				DEVELOPMENT_TEAM = H4S8Z5V45T;
				ENABLE_PREVIEWS = YES;
				GENERATE_INFOPLIST_FILE = YES;
				INFOPLIST_KEY_UIApplicationSceneManifest_Generation = YES;
				INFOPLIST_KEY_UIApplicationSupportsIndirectInputEvents = YES;
				INFOPLIST_KEY_UILaunchScreen_Generation = YES;
				INFOPLIST_KEY_UISupportedInterfaceOrientations_iPad = "UIInterfaceOrientationPortrait UIInterfaceOrientationPortraitUpsideDown UIInterfaceOrientationLandscapeLeft UIInterfaceOrientationLandscapeRight";
				INFOPLIST_KEY_UISupportedInterfaceOrientations_iPhone = "UIInterfaceOrientationPortrait UIInterfaceOrientationLandscapeLeft UIInterfaceOrientationLandscapeRight";
				IPHONEOS_DEPLOYMENT_TARGET = 15.2;
				LD_RUNPATH_SEARCH_PATHS = (
					"$(inherited)",
					"@executable_path/Frameworks",
				);
				MARKETING_VERSION = 1.0;
				PRODUCT_BUNDLE_IDENTIFIER = "com.rocketcom.Astro-Swift-Sampler";
				PRODUCT_NAME = "Astro Sampler";
				SDKROOT = iphoneos;
				SWIFT_EMIT_LOC_STRINGS = YES;
				SWIFT_VERSION = 5.0;
				TARGETED_DEVICE_FAMILY = "1,2";
				VALIDATE_PRODUCT = YES;
			};
			name = Release;
		};
		7C479BB02790D954002845E9 /* Debug */ = {
			isa = XCBuildConfiguration;
			buildSettings = {
				ASSETCATALOG_COMPILER_APPICON_NAME = AppIcon;
				ASSETCATALOG_COMPILER_GLOBAL_ACCENT_COLOR_NAME = AccentColor;
				CODE_SIGN_ENTITLEMENTS = macOS/macOS.entitlements;
				CODE_SIGN_IDENTITY = "-";
				CODE_SIGN_STYLE = Automatic;
				COMBINE_HIDPI_IMAGES = YES;
				CURRENT_PROJECT_VERSION = 1;
				DEVELOPMENT_TEAM = H4S8Z5V45T;
				ENABLE_HARDENED_RUNTIME = YES;
				ENABLE_PREVIEWS = YES;
				GENERATE_INFOPLIST_FILE = YES;
				INFOPLIST_KEY_LSApplicationCategoryType = "public.app-category.developer-tools";
				INFOPLIST_KEY_NSHumanReadableCopyright = "";
				LD_RUNPATH_SEARCH_PATHS = (
					"$(inherited)",
					"@executable_path/../Frameworks",
				);
				MACOSX_DEPLOYMENT_TARGET = 12.1;
				MARKETING_VERSION = 1.0;
				PRODUCT_BUNDLE_IDENTIFIER = "com.rocketcom.Astro-Swift-Sampler";
				PRODUCT_NAME = "Astro Sampler";
				SDKROOT = macosx;
				SWIFT_EMIT_LOC_STRINGS = YES;
				SWIFT_VERSION = 5.0;
			};
			name = Debug;
		};
		7C479BB12790D954002845E9 /* Release */ = {
			isa = XCBuildConfiguration;
			buildSettings = {
				ASSETCATALOG_COMPILER_APPICON_NAME = AppIcon;
				ASSETCATALOG_COMPILER_GLOBAL_ACCENT_COLOR_NAME = AccentColor;
				CODE_SIGN_ENTITLEMENTS = macOS/macOS.entitlements;
				CODE_SIGN_IDENTITY = "-";
				CODE_SIGN_STYLE = Automatic;
				COMBINE_HIDPI_IMAGES = YES;
				CURRENT_PROJECT_VERSION = 1;
				DEVELOPMENT_TEAM = H4S8Z5V45T;
				ENABLE_HARDENED_RUNTIME = YES;
				ENABLE_PREVIEWS = YES;
				GENERATE_INFOPLIST_FILE = YES;
				INFOPLIST_KEY_LSApplicationCategoryType = "public.app-category.developer-tools";
				INFOPLIST_KEY_NSHumanReadableCopyright = "";
				LD_RUNPATH_SEARCH_PATHS = (
					"$(inherited)",
					"@executable_path/../Frameworks",
				);
				MACOSX_DEPLOYMENT_TARGET = 12.1;
				MARKETING_VERSION = 1.0;
				PRODUCT_BUNDLE_IDENTIFIER = "com.rocketcom.Astro-Swift-Sampler";
				PRODUCT_NAME = "Astro Sampler";
				SDKROOT = macosx;
				SWIFT_EMIT_LOC_STRINGS = YES;
				SWIFT_VERSION = 5.0;
			};
			name = Release;
		};
		7C479BC22790D998002845E9 /* Debug */ = {
			isa = XCBuildConfiguration;
			buildSettings = {
				ASSETCATALOG_COMPILER_APPICON_NAME = "App Icon & Top Shelf Image";
				ASSETCATALOG_COMPILER_GLOBAL_ACCENT_COLOR_NAME = AccentColor;
				CODE_SIGN_STYLE = Automatic;
				CURRENT_PROJECT_VERSION = 1;
				DEVELOPMENT_TEAM = H4S8Z5V45T;
				ENABLE_PREVIEWS = YES;
				GENERATE_INFOPLIST_FILE = YES;
				INFOPLIST_KEY_UILaunchScreen_Generation = YES;
				INFOPLIST_KEY_UIUserInterfaceStyle = Automatic;
				LD_RUNPATH_SEARCH_PATHS = (
					"$(inherited)",
					"@executable_path/Frameworks",
				);
				MARKETING_VERSION = 1.0;
				PRODUCT_BUNDLE_IDENTIFIER = "com.rocketcom.Astro-Swift-Sampler";
				PRODUCT_NAME = "Astro Sampler";
				SDKROOT = appletvos;
				SWIFT_EMIT_LOC_STRINGS = YES;
				SWIFT_VERSION = 5.0;
				TARGETED_DEVICE_FAMILY = 3;
				TVOS_DEPLOYMENT_TARGET = 15.0;
			};
			name = Debug;
		};
		7C479BC32790D998002845E9 /* Release */ = {
			isa = XCBuildConfiguration;
			buildSettings = {
				ASSETCATALOG_COMPILER_APPICON_NAME = "App Icon & Top Shelf Image";
				ASSETCATALOG_COMPILER_GLOBAL_ACCENT_COLOR_NAME = AccentColor;
				CODE_SIGN_STYLE = Automatic;
				CURRENT_PROJECT_VERSION = 1;
				DEVELOPMENT_ASSET_PATHS = "";
				DEVELOPMENT_TEAM = H4S8Z5V45T;
				ENABLE_PREVIEWS = YES;
				GENERATE_INFOPLIST_FILE = YES;
				INFOPLIST_KEY_UILaunchScreen_Generation = YES;
				INFOPLIST_KEY_UIUserInterfaceStyle = Automatic;
				LD_RUNPATH_SEARCH_PATHS = (
					"$(inherited)",
					"@executable_path/Frameworks",
				);
				MARKETING_VERSION = 1.0;
				PRODUCT_BUNDLE_IDENTIFIER = "com.rocketcom.Astro-Swift-Sampler";
				PRODUCT_NAME = "Astro Sampler";
				SDKROOT = appletvos;
				SWIFT_EMIT_LOC_STRINGS = YES;
				SWIFT_VERSION = 5.0;
				TARGETED_DEVICE_FAMILY = 3;
				TVOS_DEPLOYMENT_TARGET = 15.0;
				VALIDATE_PRODUCT = YES;
			};
			name = Release;
		};
/* End XCBuildConfiguration section */

/* Begin XCConfigurationList section */
		7C479B922790D954002845E9 /* Build configuration list for PBXProject "AstroSwiftSampler" */ = {
			isa = XCConfigurationList;
			buildConfigurations = (
				7C479BAA2790D954002845E9 /* Debug */,
				7C479BAB2790D954002845E9 /* Release */,
			);
			defaultConfigurationIsVisible = 0;
			defaultConfigurationName = Release;
		};
		7C479BAC2790D954002845E9 /* Build configuration list for PBXNativeTarget "AstroSwiftSampler (iOS)" */ = {
			isa = XCConfigurationList;
			buildConfigurations = (
				7C479BAD2790D954002845E9 /* Debug */,
				7C479BAE2790D954002845E9 /* Release */,
			);
			defaultConfigurationIsVisible = 0;
			defaultConfigurationName = Release;
		};
		7C479BAF2790D954002845E9 /* Build configuration list for PBXNativeTarget "AstroSwiftSampler (macOS)" */ = {
			isa = XCConfigurationList;
			buildConfigurations = (
				7C479BB02790D954002845E9 /* Debug */,
				7C479BB12790D954002845E9 /* Release */,
			);
			defaultConfigurationIsVisible = 0;
			defaultConfigurationName = Release;
		};
		7C479BC12790D998002845E9 /* Build configuration list for PBXNativeTarget "AstroSwiftSampler (tvOS)" */ = {
			isa = XCConfigurationList;
			buildConfigurations = (
				7C479BC22790D998002845E9 /* Debug */,
				7C479BC32790D998002845E9 /* Release */,
			);
			defaultConfigurationIsVisible = 0;
			defaultConfigurationName = Release;
		};
/* End XCConfigurationList section */

/* Begin XCRemoteSwiftPackageReference section */
		7C479BC42790DA66002845E9 /* XCRemoteSwiftPackageReference "AstroSwiftFoundation" */ = {
			isa = XCRemoteSwiftPackageReference;
			repositoryURL = "https://github.com/RocketCommunicationsInc/AstroSwiftFoundation.git";
			requirement = {
				branch = newSemanticColors;
				kind = branch;
			};
		};
		7C479BC72790DA80002845E9 /* XCRemoteSwiftPackageReference "AstroSwiftCore" */ = {
			isa = XCRemoteSwiftPackageReference;
			repositoryURL = "https://github.com/RocketCommunicationsInc/AstroSwiftCore";
			requirement = {
				branch = newColors;
				kind = branch;
			};
		};
/* End XCRemoteSwiftPackageReference section */

/* Begin XCSwiftPackageProductDependency section */
		7C479BC52790DA66002845E9 /* AstroSwiftFoundation */ = {
			isa = XCSwiftPackageProductDependency;
			package = 7C479BC42790DA66002845E9 /* XCRemoteSwiftPackageReference "AstroSwiftFoundation" */;
			productName = AstroSwiftFoundation;
		};
		7C479BC82790DA80002845E9 /* AstroSwiftCore */ = {
			isa = XCSwiftPackageProductDependency;
			package = 7C479BC72790DA80002845E9 /* XCRemoteSwiftPackageReference "AstroSwiftCore" */;
			productName = AstroSwiftCore;
		};
		7C479BD12790DEDD002845E9 /* AstroSwiftFoundation */ = {
			isa = XCSwiftPackageProductDependency;
			package = 7C479BC42790DA66002845E9 /* XCRemoteSwiftPackageReference "AstroSwiftFoundation" */;
			productName = AstroSwiftFoundation;
		};
		7C479BD32790DEE1002845E9 /* AstroSwiftCore */ = {
			isa = XCSwiftPackageProductDependency;
			package = 7C479BC72790DA80002845E9 /* XCRemoteSwiftPackageReference "AstroSwiftCore" */;
			productName = AstroSwiftCore;
		};
		7CF86EFB2821D18800D554DF /* AstroSwiftFoundation */ = {
			isa = XCSwiftPackageProductDependency;
			package = 7C479BC42790DA66002845E9 /* XCRemoteSwiftPackageReference "AstroSwiftFoundation" */;
			productName = AstroSwiftFoundation;
		};
		7CF86EFD2821D18E00D554DF /* AstroSwiftCore */ = {
			isa = XCSwiftPackageProductDependency;
			package = 7C479BC72790DA80002845E9 /* XCRemoteSwiftPackageReference "AstroSwiftCore" */;
			productName = AstroSwiftCore;
		};
/* End XCSwiftPackageProductDependency section */
	};
	rootObject = 7C479B8F2790D954002845E9 /* Project object */;
}
