{
  "pins" : [
    {
      "identity" : "astroswiftcore",
      "kind" : "remoteSourceControl",
      "location" : "https://github.com/RocketCommunicationsInc/AstroSwiftCore",
      "state" : {
        "revision" : "2f0bf695f019758dde0550a9baad8f82eebbaa09",
        "version" : "2.0.0"
      }
    },
    {
      "identity" : "astroswiftfoundation",
      "kind" : "remoteSourceControl",
      "location" : "https://github.com/RocketCommunicationsInc/AstroSwiftFoundation.git",
      "state" : {
        "branch" : "platforms-67",
        "revision" : "3ecf7ad1278c17e674a1a2018fa147f202d4f2e1"
      }
    },
    {
      "identity" : "astroswiftutilities",
      "kind" : "remoteSourceControl",
      "location" : "https://github.com/RocketCommunicationsInc/AstroSwiftUtilities",
      "state" : {
        "revision" : "85e1533e64cb603ee743c6def2d5117844ae6bef",
        "version" : "1.0.2"
      }
    }
  ],
  "version" : 2
}
