{
  "object": {
    "pins": [
      {
        "package": "AstroSwiftCore",
        "repositoryURL": "https://github.com/RocketCommunicationsInc/AstroSwiftCore",
        "state": {
          "branch": "newColors",
          "revision": "4e086c80ff8f3264a698ebd4c6fe61a8f01eab76",
          "version": null
        }
      }
    ]
  },
  "version": 1
}
